{
  "name": "myproject",
  "version": "1.0.0",
  "lockfileVersion": 1,
  "requires": true,
  "dependencies": {
    "literallycanvas": {
      "version": "0.4.14",
      "resolved": "https://registry.npmjs.org/literallycanvas/-/literallycanvas-0.4.14.tgz",
      "integrity": "sha1-q0TNCmS7/wff8tej3tPFw4UG00E=",
      "dev": true,
      "requires": {
        "react-addons-pure-render-mixin": "^0.14.6"
      }
    },
    "react-addons-pure-render-mixin": {
      "version": "0.14.8",
      "resolved": "https://registry.npmjs.org/react-addons-pure-render-mixin/-/react-addons-pure-render-mixin-0.14.8.tgz",
      "integrity": "sha1-QQmvLWzrcuOJe/ND2K5/MppnE9Q=",
      "dev": true
    }
  }
}
